
Microsoft Visual Studio Solution File, Format Version 12.00
# Visual Studio 2012
Project("{2150E333-8FDC-42A3-9474-1A3956D46DE8}") = ".nuget", ".nuget", "{2C84139D-D87A-415F-AF7D-22C34CF35377}"
	ProjectSection(SolutionItems) = preProject
		.nuget\NuGet.Config = .nuget\NuGet.Config
		.nuget\NuGet.exe = .nuget\NuGet.exe
		.nuget\NuGet.targets = .nuget\NuGet.targets
	EndProjectSection
EndProject
Project("{FAE04EC0-301F-11D3-BF4B-00C04F79EFBC}") = "MvcRouteTester", "src\MvcRouteTester\MvcRouteTester.csproj", "{D860FAE5-8391-4752-A394-D533C9F698C4}"
EndProject
Project("{FAE04EC0-301F-11D3-BF4B-00C04F79EFBC}") = "MvcRouteTester.Test", "src\MvcRouteTester.Test\MvcRouteTester.Test.csproj", "{3B21561A-DC9A-44FF-A36E-8C48D1CCBC96}"
EndProject
Project("{FAE04EC0-301F-11D3-BF4B-00C04F79EFBC}") = "MvcRouteTester.AttributeRouting.Test", "src\MvcRouteTester.AttributeRouting.Test\MvcRouteTester.AttributeRouting.Test.csproj", "{F08D3A48-7A6D-4EB5-B6B8-C0AA1C5A326E}"
EndProject
Global
	GlobalSection(SolutionConfigurationPlatforms) = preSolution
		Debug|Any CPU = Debug|Any CPU
		Release|Any CPU = Release|Any CPU
	EndGlobalSection
	GlobalSection(ProjectConfigurationPlatforms) = postSolution
		{D860FAE5-8391-4752-A394-D533C9F698C4}.Debug|Any CPU.ActiveCfg = Debug|Any CPU
		{D860FAE5-8391-4752-A394-D533C9F698C4}.Debug|Any CPU.Build.0 = Debug|Any CPU
		{D860FAE5-8391-4752-A394-D533C9F698C4}.Release|Any CPU.ActiveCfg = Release|Any CPU
		{D860FAE5-8391-4752-A394-D533C9F698C4}.Release|Any CPU.Build.0 = Release|Any CPU
		{3B21561A-DC9A-44FF-A36E-8C48D1CCBC96}.Debug|Any CPU.ActiveCfg = Debug|Any CPU
		{3B21561A-DC9A-44FF-A36E-8C48D1CCBC96}.Debug|Any CPU.Build.0 = Debug|Any CPU
		{3B21561A-DC9A-44FF-A36E-8C48D1CCBC96}.Release|Any CPU.ActiveCfg = Release|Any CPU
		{3B21561A-DC9A-44FF-A36E-8C48D1CCBC96}.Release|Any CPU.Build.0 = Release|Any CPU
		{F08D3A48-7A6D-4EB5-B6B8-C0AA1C5A326E}.Debug|Any CPU.ActiveCfg = Debug|Any CPU
		{F08D3A48-7A6D-4EB5-B6B8-C0AA1C5A326E}.Debug|Any CPU.Build.0 = Debug|Any CPU
		{F08D3A48-7A6D-4EB5-B6B8-C0AA1C5A326E}.Release|Any CPU.ActiveCfg = Release|Any CPU
		{F08D3A48-7A6D-4EB5-B6B8-C0AA1C5A326E}.Release|Any CPU.Build.0 = Release|Any CPU
	EndGlobalSection
	GlobalSection(SolutionProperties) = preSolution
		HideSolutionNode = FALSE
	EndGlobalSection
EndGlobal
